{
  "version": 4,
  "terraform_version": "1.15.5",
  "serial": 838,
  "lineage": "81719b8b-e3ed-f59d-3a20-5c6ef22874f2",
  "outputs": {},
  "resources": [
    {
      "module": "module.api-gateway",
      "mode": "data",
      "type": "aws_region",
      "name": "current",
      "provider": "provider[\"registry.terraform.io/hashicorp/aws\"]",
      "instances": [
        {
          "schema_version": 0,
          "attributes": {
            "description": "US East (N. Virginia)",
            "endpoint": "ec2.us-east-1.amazonaws.com",
            "id": "us-east-1",
            "name": "us-east-1",
            "region": "us-east-1"
          },
          "sensitive_attributes": [],
          "identity_schema_version": 0
        }
      ]
    },
    {
      "module": "module.api-gateway",
      "mode": "managed",
      "type": "aws_api_gateway_deployment",
      "name": "restapi_deployment",
      "provider": "provider[\"registry.terraform.io/hashicorp/aws\"]",
      "instances": [
        {
          "schema_version": 0,
          "attributes": {
            "created_date": "2026-06-28T16:29:56Z",
            "description": "",
            "id": "jodkablheh",
            "region": "us-east-1",
            "rest_api_id": "nrrdzsclup",
            "triggers": null,
            "variables": null
          },
          "sensitive_attributes": [],
          "identity_schema_version": 0,
          "private": "bnVsbA==",
          "dependencies": [
            "module.api-gateway.aws_api_gateway_integration.lambda_integration",
            "module.api-gateway.aws_api_gateway_resource.username_aws_api_gateway_resource",
            "module.api-gateway.aws_api_gateway_rest_api.my_aws_api_gateway_rest_api",
            "module.iam.aws_iam_role.lambda_dynamodb_execution_role",
            "module.lambda.aws_lambda_function.lambda_dynamodb",
            "module.lambda.data.archive_file.lambda_dynamodb",
            "module.sqs.aws_sqs_queue.my_aws_sqs_deadletter_queue"
          ]
        }
      ]
    },
    {
      "module": "module.api-gateway",
      "mode": "managed",
      "type": "aws_api_gateway_integration",
      "name": "lambda_integration",
      "provider": "provider[\"registry.terraform.io/hashicorp/aws\"]",
      "instances": [
        {
          "schema_version": 0,
          "attributes": {
            "cache_key_parameters": null,
            "cache_namespace": "hwgd8lrrdm",
            "connection_id": "",
            "connection_type": "INTERNET",
            "content_handling": "",
            "credentials": "",
            "http_method": "POST",
            "id": "agi-nrrdzsclup-hwgd8lrrdm-POST",
            "integration_http_method": "POST",
            "integration_target": "",
            "passthrough_behavior": "WHEN_NO_MATCH",
            "region": "us-east-1",
            "request_parameters": null,
            "request_templates": null,
            "resource_id": "hwgd8lrrdm",
            "response_transfer_mode": "BUFFERED",
            "rest_api_id": "nrrdzsclup",
            "timeout_milliseconds": 29000,
            "tls_config": [],
            "type": "AWS_PROXY",
            "uri": "arn:aws:apigateway:us-east-1:lambda:path/2015-03-31/functions/arn:aws:lambda:us-east-1:000000000000:function:lambda-function-dynamodb/invocations"
          },
          "sensitive_attributes": [],
          "identity_schema_version": 0,
          "identity": {
            "account_id": "000000000000",
            "http_method": "POST",
            "region": "us-east-1",
            "resource_id": "hwgd8lrrdm",
            "rest_api_id": "nrrdzsclup"
          },
          "private": "bnVsbA==",
          "dependencies": [
            "module.api-gateway.aws_api_gateway_resource.username_aws_api_gateway_resource",
            "module.api-gateway.aws_api_gateway_rest_api.my_aws_api_gateway_rest_api",
            "module.iam.aws_iam_role.lambda_dynamodb_execution_role",
            "module.lambda.aws_lambda_function.lambda_dynamodb",
            "module.lambda.data.archive_file.lambda_dynamodb",
            "module.sqs.aws_sqs_queue.my_aws_sqs_deadletter_queue"
          ]
        }
      ]
    },
    {
      "module": "module.api-gateway",
      "mode": "managed",
      "type": "aws_api_gateway_method",
      "name": "post_method",
      "provider": "provider[\"registry.terraform.io/hashicorp/aws\"]",
      "instances": [
        {
          "schema_version": 0,
          "attributes": {
            "api_key_required": false,
            "authorization": "NONE",
            "authorization_scopes": null,
            "authorizer_id": null,
            "http_method": "POST",
            "id": "agm-nrrdzsclup-hwgd8lrrdm-POST",
            "operation_name": null,
            "region": "us-east-1",
            "request_models": null,
            "request_parameters": null,
            "request_validator_id": null,
            "resource_id": "hwgd8lrrdm",
            "rest_api_id": "nrrdzsclup"
          },
          "sensitive_attributes": [],
          "identity_schema_version": 0,
          "identity": {
            "account_id": "000000000000",
            "http_method": "POST",
            "region": "us-east-1",
            "resource_id": "hwgd8lrrdm",
            "rest_api_id": "nrrdzsclup"
          },
          "private": "bnVsbA==",
          "dependencies": [
            "module.api-gateway.aws_api_gateway_resource.username_aws_api_gateway_resource",
            "module.api-gateway.aws_api_gateway_rest_api.my_aws_api_gateway_rest_api"
          ]
        }
      ]
    },
    {
      "module": "module.api-gateway",
      "mode": "managed",
      "type": "aws_api_gateway_resource",
      "name": "username_aws_api_gateway_resource",
      "provider": "provider[\"registry.terraform.io/hashicorp/aws\"]",
      "instances": [
        {
          "schema_version": 0,
          "attributes": {
            "id": "hwgd8lrrdm",
            "parent_id": "bwb3t6p3hd",
            "path": "/create-user",
            "path_part": "create-user",
            "region": "us-east-1",
            "rest_api_id": "nrrdzsclup"
          },
          "sensitive_attributes": [],
          "identity_schema_version": 0,
          "identity": {
            "account_id": "000000000000",
            "id": "hwgd8lrrdm",
            "region": "us-east-1",
            "rest_api_id": "nrrdzsclup"
          },
          "private": "bnVsbA==",
          "dependencies": [
            "module.api-gateway.aws_api_gateway_rest_api.my_aws_api_gateway_rest_api"
          ]
        }
      ]
    },
    {
      "module": "module.api-gateway",
      "mode": "managed",
      "type": "aws_api_gateway_rest_api",
      "name": "my_aws_api_gateway_rest_api",
      "provider": "provider[\"registry.terraform.io/hashicorp/aws\"]",
      "instances": [
        {
          "schema_version": 0,
          "attributes": {
            "api_key_source": "HEADER",
            "arn": "arn:aws:apigateway:us-east-1::/restapis/nrrdzsclup",
            "binary_media_types": [],
            "body": null,
            "created_date": "2026-06-28T16:29:26Z",
            "description": "",
            "disable_execute_api_endpoint": false,
            "endpoint_configuration": [
              {
                "ip_address_type": "ipv4",
                "types": [
                  "EDGE"
                ],
                "vpc_endpoint_ids": []
              }
            ],
            "execution_arn": "arn:aws:execute-api:us-east-1:000000000000:nrrdzsclup",
            "fail_on_warnings": null,
            "id": "nrrdzsclup",
            "minimum_compression_size": "",
            "name": "username-api",
            "parameters": null,
            "policy": "",
            "put_rest_api_mode": null,
            "region": "us-east-1",
            "root_resource_id": "bwb3t6p3hd",
            "tags": null,
            "tags_all": {
              "Environment": "dev"
            }
          },
          "sensitive_attributes": [],
          "identity_schema_version": 0,
          "identity": {
            "account_id": "000000000000",
            "id": "nrrdzsclup",
            "region": "us-east-1"
          },
          "private": "bnVsbA=="
        }
      ]
    },
    {
      "module": "module.api-gateway",
      "mode": "managed",
      "type": "aws_api_gateway_stage",
      "name": "my_aws_api_gateway_rest_api",
      "provider": "provider[\"registry.terraform.io/hashicorp/aws\"]",
      "instances": [
        {
          "schema_version": 0,
          "attributes": {
            "access_log_settings": [],
            "arn": "arn:aws:apigateway:us-east-1::/restapis/nrrdzsclup/stages/dev",
            "cache_cluster_enabled": false,
            "cache_cluster_size": "",
            "canary_settings": [],
            "client_certificate_id": "",
            "deployment_id": "jodkablheh",
            "description": "",
            "documentation_version": "",
            "execution_arn": "arn:aws:execute-api:us-east-1:000000000000:nrrdzsclup/dev",
            "id": "ags-nrrdzsclup-dev",
            "invoke_url": "https://nrrdzsclup.execute-api.us-east-1.amazonaws.com/dev",
            "region": "us-east-1",
            "rest_api_id": "nrrdzsclup",
            "stage_name": "dev",
            "tags": null,
            "tags_all": {
              "Environment": "dev"
            },
            "variables": null,
            "web_acl_arn": "",
            "xray_tracing_enabled": false
          },
          "sensitive_attributes": [],
          "identity_schema_version": 0,
          "private": "bnVsbA==",
          "dependencies": [
            "module.api-gateway.aws_api_gateway_deployment.restapi_deployment",
            "module.api-gateway.aws_api_gateway_integration.lambda_integration",
            "module.api-gateway.aws_api_gateway_resource.username_aws_api_gateway_resource",
            "module.api-gateway.aws_api_gateway_rest_api.my_aws_api_gateway_rest_api",
            "module.iam.aws_iam_role.lambda_dynamodb_execution_role",
            "module.lambda.aws_lambda_function.lambda_dynamodb",
            "module.lambda.data.archive_file.lambda_dynamodb",
            "module.sqs.aws_sqs_queue.my_aws_sqs_deadletter_queue"
          ]
        }
      ]
    },
    {
      "module": "module.cloudwatch",
      "mode": "managed",
      "type": "aws_cloudwatch_log_group",
      "name": "eventbridge_pipes_log_group",
      "provider": "provider[\"registry.terraform.io/hashicorp/aws\"]",
      "instances": [
        {
          "schema_version": 0,
          "attributes": {
            "arn": "arn:aws:logs:us-east-1:000000000000:log-group:eventbridge-pipes-cloudwatch-logs",
            "deletion_protection_enabled": false,
            "id": "eventbridge-pipes-cloudwatch-logs",
            "kms_key_id": "",
            "log_group_class": "STANDARD",
            "name": "eventbridge-pipes-cloudwatch-logs",
            "name_prefix": "",
            "region": "us-east-1",
            "retention_in_days": 0,
            "skip_destroy": false,
            "tags": null,
            "tags_all": {
              "Environment": "dev"
            }
          },
          "sensitive_attributes": [],
          "identity_schema_version": 0,
          "identity": {
            "account_id": "000000000000",
            "name": "eventbridge-pipes-cloudwatch-logs",
            "region": "us-east-1"
          },
          "private": "bnVsbA=="
        }
      ]
    },
    {
      "module": "module.dynamodb",
      "mode": "managed",
      "type": "aws_dynamodb_table",
      "name": "my_aws_dynamodb_table",
      "provider": "provider[\"registry.terraform.io/hashicorp/aws\"]",
      "instances": [
        {
          "schema_version": 1,
          "attributes": {
            "arn": "arn:aws:dynamodb:us-east-1:000000000000:table/users-table",
            "attribute": [
              {
                "name": "users",
                "type": "S"
              }
            ],
            "billing_mode": "PAY_PER_REQUEST",
            "deletion_protection_enabled": false,
            "global_secondary_index": [],
            "global_table_witness": [],
            "hash_key": "users",
            "id": "users-table",
            "import_table": [],
            "local_secondary_index": [],
            "name": "users-table",
            "on_demand_throughput": [],
            "point_in_time_recovery": [
              {
                "enabled": false,
                "recovery_period_in_days": 0
              }
            ],
            "range_key": null,
            "read_capacity": 0,
            "region": "us-east-1",
            "replica": [],
            "restore_backup_arn": null,
            "restore_date_time": null,
            "restore_source_name": null,
            "restore_source_table_arn": null,
            "restore_to_latest_time": null,
            "server_side_encryption": [],
            "stream_arn": "arn:aws:dynamodb:us-east-1:000000000000:table/users-table/stream/2026-06-28T16:29:26.544",
            "stream_enabled": true,
            "stream_label": "2026-06-28T16:29:26.544",
            "stream_view_type": "NEW_AND_OLD_IMAGES",
            "table_class": "STANDARD",
            "tags": null,
            "tags_all": {
              "Environment": "dev"
            },
            "timeouts": null,
            "ttl": [
              {
                "attribute_name": "",
                "enabled": false
              }
            ],
            "warm_throughput": [],
            "write_capacity": 0
          },
          "sensitive_attributes": [],
          "identity_schema_version": 0,
          "identity": {
            "account_id": "000000000000",
            "name": "users-table",
            "region": "us-east-1"
          },
          "private": "eyJlMmJmYjczMC1lY2FhLTExZTYtOGY4OC0zNDM2M2JjN2M0YzAiOnsiY3JlYXRlIjoxODAwMDAwMDAwMDAwLCJkZWxldGUiOjYwMDAwMDAwMDAwMCwidXBkYXRlIjozNjAwMDAwMDAwMDAwfSwic2NoZW1hX3ZlcnNpb24iOiIxIn0="
        }
      ]
    },
    {
      "module": "module.eventbridge",
      "mode": "managed",
      "type": "aws_cloudwatch_event_bus",
      "name": "my_event_bus",
      "provider": "provider[\"registry.terraform.io/hashicorp/aws\"]",
      "instances": [
        {
          "schema_version": 0,
          "attributes": {
            "arn": "arn:aws:events:us-east-1:000000000000:event-bus/user-data-forwarder",
            "dead_letter_config": [],
            "description": "Event bus for routing events based on dynamodb table writes",
            "event_source_name": null,
            "id": "user-data-forwarder",
            "kms_key_identifier": "",
            "log_config": [],
            "name": "user-data-forwarder",
            "region": "us-east-1",
            "tags": null,
            "tags_all": {
              "Environment": "dev"
            }
          },
          "sensitive_attributes": [],
          "identity_schema_version": 0,
          "private": "bnVsbA=="
        }
      ]
    },
    {
      "module": "module.eventbridge",
      "mode": "managed",
      "type": "aws_cloudwatch_event_rule",
      "name": "dynamodb_write_rule",
      "provider": "provider[\"registry.terraform.io/hashicorp/aws\"]",
      "instances": [
        {
          "schema_version": 1,
          "attributes": {
            "arn": "arn:aws:events:us-east-1:000000000000:rule/user-data-forwarder/dynamodb-write-events",
            "description": "Capture all DynamoDB write events",
            "event_bus_name": "user-data-forwarder",
            "event_pattern": "{\"detail-type\":[\"DynamoDB write event\"],\"source\":[\"aws.dynamodb\"]}",
            "force_destroy": false,
            "id": "user-data-forwarder/dynamodb-write-events",
            "is_enabled": true,
            "name": "dynamodb-write-events",
            "name_prefix": "",
            "region": "us-east-1",
            "role_arn": "",
            "schedule_expression": "",
            "state": "ENABLED",
            "tags": null,
            "tags_all": {
              "Environment": "dev"
            }
          },
          "sensitive_attributes": [],
          "identity_schema_version": 0,
          "identity": {
            "account_id": "000000000000",
            "name": "dynamodb-write-events",
            "region": "us-east-1"
          },
          "private": "eyJzY2hlbWFfdmVyc2lvbiI6IjEifQ==",
          "dependencies": [
            "module.eventbridge.aws_cloudwatch_event_bus.my_event_bus"
          ]
        }
      ]
    },
    {
      "module": "module.eventbridge",
      "mode": "managed",
      "type": "aws_cloudwatch_event_target",
      "name": "s3_lambda_event_target",
      "provider": "provider[\"registry.terraform.io/hashicorp/aws\"]",
      "instances": [
        {
          "schema_version": 1,
          "attributes": {
            "appsync_target": [],
            "arn": "arn:aws:lambda:us-east-1:000000000000:function:lambda-function-s3",
            "batch_target": [],
            "dead_letter_config": [],
            "ecs_target": [],
            "event_bus_name": "user-data-forwarder",
            "force_destroy": false,
            "http_target": [],
            "id": "user-data-forwarder-dynamodb-write-events-terraform-20260628162931334600000001",
            "input": "",
            "input_path": "",
            "input_transformer": [],
            "kinesis_target": [],
            "redshift_target": [],
            "region": "us-east-1",
            "retry_policy": [],
            "role_arn": "",
            "rule": "dynamodb-write-events",
            "run_command_targets": [],
            "sagemaker_pipeline_target": [],
            "sqs_target": [],
            "target_id": "terraform-20260628162931334600000001"
          },
          "sensitive_attributes": [],
          "identity_schema_version": 0,
          "identity": {
            "account_id": "000000000000",
            "event_bus_name": "user-data-forwarder",
            "region": "us-east-1",
            "rule": "dynamodb-write-events",
            "target_id": "terraform-20260628162931334600000001"
          },
          "private": "eyJzY2hlbWFfdmVyc2lvbiI6IjEifQ==",
          "dependencies": [
            "module.eventbridge.aws_cloudwatch_event_bus.my_event_bus",
            "module.eventbridge.aws_cloudwatch_event_rule.dynamodb_write_rule",
            "module.iam.aws_iam_role.lambda_s3_execution_role",
            "module.lambda.aws_lambda_function.lambda_s3",
            "module.lambda.data.archive_file.lambda_s3"
          ]
        }
      ]
    },
    {
      "module": "module.eventbridge",
      "mode": "managed",
      "type": "aws_pipes_pipe",
      "name": "dynamodb_streams_eventbride_pipe",
      "provider": "provider[\"registry.terraform.io/hashicorp/aws\"]",
      "instances": [
        {
          "schema_version": 0,
          "attributes": {
            "arn": "arn:aws:pipes:us-east-1:000000000000:pipe/dynamodb-to-eventbus-pipe",
            "description": "Managed by Terraform",
            "desired_state": "RUNNING",
            "enrichment": "",
            "enrichment_parameters": [],
            "id": "dynamodb-to-eventbus-pipe",
            "kms_key_identifier": "",
            "log_configuration": [
              {
                "cloudwatch_logs_log_destination": [
                  {
                    "log_group_arn": "arn:aws:logs:us-east-1:000000000000:log-group:eventbridge-pipes-cloudwatch-logs"
                  }
                ],
                "firehose_log_destination": [],
                "include_execution_data": null,
                "level": "INFO",
                "s3_log_destination": []
              }
            ],
            "name": "dynamodb-to-eventbus-pipe",
            "name_prefix": "",
            "region": "us-east-1",
            "role_arn": "arn:aws:iam::000000000000:role/eventbridge-pipes-role",
            "source": "arn:aws:dynamodb:us-east-1:000000000000:table/users-table/stream/2026-06-28T16:29:26.544",
            "source_parameters": [
              {
                "activemq_broker_parameters": [],
                "dynamodb_stream_parameters": [
                  {
                    "batch_size": 10,
                    "dead_letter_config": [],
                    "maximum_batching_window_in_seconds": 5,
                    "maximum_record_age_in_seconds": 0,
                    "maximum_retry_attempts": 3,
                    "on_partial_batch_item_failure": "",
                    "parallelization_factor": 0,
                    "starting_position": "LATEST"
                  }
                ],
                "filter_criteria": [
                  {
                    "filter": [
                      {
                        "pattern": "{\"eventName\":[\"INSERT\",\"MODIFY\"]}"
                      }
                    ]
                  }
                ],
                "kinesis_stream_parameters": [],
                "managed_streaming_kafka_parameters": [],
                "rabbitmq_broker_parameters": [],
                "self_managed_kafka_parameters": [],
                "sqs_queue_parameters": []
              }
            ],
            "tags": null,
            "tags_all": {},
            "target": "arn:aws:events:us-east-1:000000000000:event-bus/user-data-forwarder",
            "target_parameters": [
              {
                "batch_job_parameters": [],
                "cloudwatch_logs_parameters": [],
                "ecs_task_parameters": [],
                "eventbridge_event_bus_parameters": [
                  {
                    "detail_type": "DynamoDB write event",
                    "endpoint_id": "",
                    "resources": null,
                    "source": "aws.dynamodb",
                    "time": ""
                  }
                ],
                "http_parameters": [],
                "input_template": "",
                "kinesis_stream_parameters": [],
                "lambda_function_parameters": [],
                "redshift_data_parameters": [],
                "sagemaker_pipeline_parameters": [],
                "sqs_queue_parameters": [],
                "step_function_state_machine_parameters": []
              }
            ],
            "timeouts": null
          },
          "sensitive_attributes": [],
          "identity_schema_version": 0,
          "private": "eyJlMmJmYjczMC1lY2FhLTExZTYtOGY4OC0zNDM2M2JjN2M0YzAiOnsiY3JlYXRlIjoxODAwMDAwMDAwMDAwLCJkZWxldGUiOjE4MDAwMDAwMDAwMDAsInVwZGF0ZSI6MTgwMDAwMDAwMDAwMH19",
          "dependencies": [
            "module.cloudwatch.aws_cloudwatch_log_group.eventbridge_pipes_log_group",
            "module.dynamodb.aws_dynamodb_table.my_aws_dynamodb_table",
            "module.eventbridge.aws_cloudwatch_event_bus.my_event_bus",
            "module.iam.aws_iam_role.eventbridge_pipes_role"
          ]
        }
      ]
    },
    {
      "module": "module.iam",
      "mode": "managed",
      "type": "aws_iam_policy",
      "name": "dynamodb_policy",
      "provider": "provider[\"registry.terraform.io/hashicorp/aws\"]",
      "instances": [
        {
          "schema_version": 0,
          "attributes": {
            "arn": "arn:aws:iam::000000000000:policy/dynamodb-policy",
            "attachment_count": 0,
            "delay_after_policy_creation_in_ms": null,
            "description": "",
            "id": "arn:aws:iam::000000000000:policy/dynamodb-policy",
            "name": "dynamodb-policy",
            "name_prefix": "",
            "path": "/",
            "policy": "{\"Statement\":[{\"Action\":[\"dynamodb:GetItem\",\"dynamodb:PutItem\"],\"Effect\":\"Allow\",\"Resource\":[\"arn:aws:dynamodb:us-east-1:000000000000:table/users-table\"]}],\"Version\":\"2012-10-17\"}",
            "policy_id": "ALVVI9DA6UJO5RROBYRRK",
            "tags": null,
            "tags_all": {
              "Environment": "dev"
            }
          },
          "sensitive_attributes": [],
          "identity_schema_version": 0,
          "identity": {
            "arn": "arn:aws:iam::000000000000:policy/dynamodb-policy"
          },
          "private": "bnVsbA==",
          "dependencies": [
            "module.dynamodb.aws_dynamodb_table.my_aws_dynamodb_table"
          ]
        }
      ]
    },
    {
      "module": "module.iam",
      "mode": "managed",
      "type": "aws_iam_policy",
      "name": "dynamodb_streams_policy",
      "provider": "provider[\"registry.terraform.io/hashicorp/aws\"]",
      "instances": [
        {
          "schema_version": 0,
          "attributes": {
            "arn": "arn:aws:iam::000000000000:policy/dynamodb-streams-policy",
            "attachment_count": 0,
            "delay_after_policy_creation_in_ms": null,
            "description": "",
            "id": "arn:aws:iam::000000000000:policy/dynamodb-streams-policy",
            "name": "dynamodb-streams-policy",
            "name_prefix": "",
            "path": "/",
            "policy": "{\"Statement\":[{\"Action\":[\"dynamodb:DescribeStream\",\"dynamodb:GetRecords\",\"dynamodb:GetShardIterator\",\"dynamodb:ListStreams\"],\"Effect\":\"Allow\",\"Resource\":[\"arn:aws:dynamodb:us-east-1:000000000000:table/users-table/stream/2026-06-28T16:29:26.544\"]}],\"Version\":\"2012-10-17\"}",
            "policy_id": "AXQM31CWHF21H3HZWKVDX",
            "tags": null,
            "tags_all": {
              "Environment": "dev"
            }
          },
          "sensitive_attributes": [],
          "identity_schema_version": 0,
          "identity": {
            "arn": "arn:aws:iam::000000000000:policy/dynamodb-streams-policy"
          },
          "private": "bnVsbA==",
          "dependencies": [
            "module.dynamodb.aws_dynamodb_table.my_aws_dynamodb_table"
          ]
        }
      ]
    },
    {
      "module": "module.iam",
      "mode": "managed",
      "type": "aws_iam_policy",
      "name": "eventbridge_policy",
      "provider": "provider[\"registry.terraform.io/hashicorp/aws\"]",
      "instances": [
        {
          "schema_version": 0,
          "attributes": {
            "arn": "arn:aws:iam::000000000000:policy/eventbridge-put-events-policy",
            "attachment_count": 0,
            "delay_after_policy_creation_in_ms": null,
            "description": "",
            "id": "arn:aws:iam::000000000000:policy/eventbridge-put-events-policy",
            "name": "eventbridge-put-events-policy",
            "name_prefix": "",
            "path": "/",
            "policy": "{\"Statement\":[{\"Action\":[\"events:PutEvents\"],\"Effect\":\"Allow\",\"Resource\":[\"arn:aws:events:us-east-1:000000000000:event-bus/user-data-forwarder\"]}],\"Version\":\"2012-10-17\"}",
            "policy_id": "AGXI7PG3J8JLVK898ND3W",
            "tags": null,
            "tags_all": {
              "Environment": "dev"
            }
          },
          "sensitive_attributes": [],
          "identity_schema_version": 0,
          "identity": {
            "arn": "arn:aws:iam::000000000000:policy/eventbridge-put-events-policy"
          },
          "private": "bnVsbA==",
          "dependencies": [
            "module.eventbridge.aws_cloudwatch_event_bus.my_event_bus"
          ]
        }
      ]
    },
    {
      "module": "module.iam",
      "mode": "managed",
      "type": "aws_iam_policy",
      "name": "logging_policy",
      "provider": "provider[\"registry.terraform.io/hashicorp/aws\"]",
      "instances": [
        {
          "schema_version": 0,
          "attributes": {
            "arn": "arn:aws:iam::000000000000:policy/logging-policy",
            "attachment_count": 0,
            "delay_after_policy_creation_in_ms": null,
            "description": "",
            "id": "arn:aws:iam::000000000000:policy/logging-policy",
            "name": "logging-policy",
            "name_prefix": "",
            "path": "/",
            "policy": "{\"Statement\":[{\"Action\":[\"logs:CreateLogGroup\",\"logs:CreateLogStream\",\"logs:PutLogEvents\"],\"Effect\":\"Allow\",\"Resource\":[\"arn:aws:logs:us-east-1:000000000000:log-group:eventbridge-pipes-cloudwatch-logs\"]}],\"Version\":\"2012-10-17\"}",
            "policy_id": "A7ID4A97GU60YMGKPLOIP",
            "tags": null,
            "tags_all": {
              "Environment": "dev"
            }
          },
          "sensitive_attributes": [],
          "identity_schema_version": 0,
          "identity": {
            "arn": "arn:aws:iam::000000000000:policy/logging-policy"
          },
          "private": "bnVsbA==",
          "dependencies": [
            "module.cloudwatch.aws_cloudwatch_log_group.eventbridge_pipes_log_group"
          ]
        }
      ]
    },
    {
      "module": "module.iam",
      "mode": "managed",
      "type": "aws_iam_policy",
      "name": "s3_policy",
      "provider": "provider[\"registry.terraform.io/hashicorp/aws\"]",
      "instances": [
        {
          "schema_version": 0,
          "attributes": {
            "arn": "arn:aws:iam::000000000000:policy/lambda-function-s3-policy",
            "attachment_count": 0,
            "delay_after_policy_creation_in_ms": null,
            "description": "",
            "id": "arn:aws:iam::000000000000:policy/lambda-function-s3-policy",
            "name": "lambda-function-s3-policy",
            "name_prefix": "",
            "path": "/",
            "policy": "{\"Statement\":[{\"Action\":[\"s3:GetObject\",\"s3:PutObject\"],\"Effect\":\"Allow\",\"Resource\":[\"arn:aws:s3:::user-data\"]}],\"Version\":\"2012-10-17\"}",
            "policy_id": "ATAHLBT7D56IBCGZS413T",
            "tags": null,
            "tags_all": {
              "Environment": "dev"
            }
          },
          "sensitive_attributes": [],
          "identity_schema_version": 0,
          "identity": {
            "arn": "arn:aws:iam::000000000000:policy/lambda-function-s3-policy"
          },
          "private": "bnVsbA==",
          "dependencies": [
            "module.s3.aws_s3_bucket.my_aws_s3_bucket"
          ]
        }
      ]
    },
    {
      "module": "module.iam",
      "mode": "managed",
      "type": "aws_iam_role",
      "name": "eventbridge_pipes_role",
      "provider": "provider[\"registry.terraform.io/hashicorp/aws\"]",
      "instances": [
        {
          "schema_version": 0,
          "attributes": {
            "arn": "arn:aws:iam::000000000000:role/eventbridge-pipes-role",
            "assume_role_policy": "{\"Statement\":[{\"Action\":\"sts:AssumeRole\",\"Effect\":\"Allow\",\"Principal\":{\"Service\":\"pipes.amazonaws.com\"}}],\"Version\":\"2012-10-17\"}",
            "create_date": "2026-06-28T16:29:26Z",
            "description": "",
            "force_detach_policies": false,
            "id": "eventbridge-pipes-role",
            "inline_policy": [],
            "managed_policy_arns": [],
            "max_session_duration": 3600,
            "name": "eventbridge-pipes-role",
            "name_prefix": "",
            "path": "/",
            "permissions_boundary": "",
            "tags": null,
            "tags_all": {
              "Environment": "dev"
            },
            "unique_id": "AROAQAAAAAAABNBAJX47T"
          },
          "sensitive_attributes": [],
          "identity_schema_version": 0,
          "identity": {
            "account_id": "000000000000",
            "name": "eventbridge-pipes-role"
          },
          "private": "bnVsbA=="
        }
      ]
    },
    {
      "module": "module.iam",
      "mode": "managed",
      "type": "aws_iam_role",
      "name": "lambda_dynamodb_execution_role",
      "provider": "provider[\"registry.terraform.io/hashicorp/aws\"]",
      "instances": [
        {
          "schema_version": 0,
          "attributes": {
            "arn": "arn:aws:iam::000000000000:role/lambda-dynamodb-iam-role",
            "assume_role_policy": "{\"Statement\":[{\"Action\":\"sts:AssumeRole\",\"Effect\":\"Allow\",\"Principal\":{\"Service\":\"lambda.amazonaws.com\"}}],\"Version\":\"2012-10-17\"}",
            "create_date": "2026-06-28T16:29:26Z",
            "description": "",
            "force_detach_policies": false,
            "id": "lambda-dynamodb-iam-role",
            "inline_policy": [],
            "managed_policy_arns": [],
            "max_session_duration": 3600,
            "name": "lambda-dynamodb-iam-role",
            "name_prefix": "",
            "path": "/",
            "permissions_boundary": "",
            "tags": null,
            "tags_all": {
              "Environment": "dev"
            },
            "unique_id": "AROAQAAAAAAANKAWWD2TX"
          },
          "sensitive_attributes": [],
          "identity_schema_version": 0,
          "identity": {
            "account_id": "000000000000",
            "name": "lambda-dynamodb-iam-role"
          },
          "private": "bnVsbA=="
        }
      ]
    },
    {
      "module": "module.iam",
      "mode": "managed",
      "type": "aws_iam_role",
      "name": "lambda_s3_execution_role",
      "provider": "provider[\"registry.terraform.io/hashicorp/aws\"]",
      "instances": [
        {
          "schema_version": 0,
          "attributes": {
            "arn": "arn:aws:iam::000000000000:role/lambda-s3-iam-role",
            "assume_role_policy": "{\"Statement\":[{\"Action\":\"sts:AssumeRole\",\"Effect\":\"Allow\",\"Principal\":{\"Service\":\"lambda.amazonaws.com\"}}],\"Version\":\"2012-10-17\"}",
            "create_date": "2026-06-28T16:29:26Z",
            "description": "",
            "force_detach_policies": false,
            "id": "lambda-s3-iam-role",
            "inline_policy": [],
            "managed_policy_arns": [],
            "max_session_duration": 3600,
            "name": "lambda-s3-iam-role",
            "name_prefix": "",
            "path": "/",
            "permissions_boundary": "",
            "tags": null,
            "tags_all": {
              "Environment": "dev"
            },
            "unique_id": "AROAQAAAAAAAIGFKRJP5V"
          },
          "sensitive_attributes": [],
          "identity_schema_version": 0,
          "identity": {
            "account_id": "000000000000",
            "name": "lambda-s3-iam-role"
          },
          "private": "bnVsbA=="
        }
      ]
    },
    {
      "module": "module.iam",
      "mode": "managed",
      "type": "aws_iam_role_policy_attachment",
      "name": "dynamodb_policy_attachment",
      "provider": "provider[\"registry.terraform.io/hashicorp/aws\"]",
      "instances": [
        {
          "schema_version": 0,
          "attributes": {
            "id": "lambda-dynamodb-iam-role/arn:aws:iam::000000000000:policy/dynamodb-policy",
            "policy_arn": "arn:aws:iam::000000000000:policy/dynamodb-policy",
            "role": "lambda-dynamodb-iam-role"
          },
          "sensitive_attributes": [],
          "identity_schema_version": 0,
          "identity": {
            "account_id": "000000000000",
            "policy_arn": "arn:aws:iam::000000000000:policy/dynamodb-policy",
            "role": "lambda-dynamodb-iam-role"
          },
          "private": "bnVsbA==",
          "dependencies": [
            "module.dynamodb.aws_dynamodb_table.my_aws_dynamodb_table",
            "module.iam.aws_iam_policy.dynamodb_policy",
            "module.iam.aws_iam_role.lambda_dynamodb_execution_role"
          ]
        }
      ]
    },
    {
      "module": "module.iam",
      "mode": "managed",
      "type": "aws_iam_role_policy_attachment",
      "name": "dynamodb_streams_policy_attachment",
      "provider": "provider[\"registry.terraform.io/hashicorp/aws\"]",
      "instances": [
        {
          "schema_version": 0,
          "attributes": {
            "id": "eventbridge-pipes-role/arn:aws:iam::000000000000:policy/dynamodb-streams-policy",
            "policy_arn": "arn:aws:iam::000000000000:policy/dynamodb-streams-policy",
            "role": "eventbridge-pipes-role"
          },
          "sensitive_attributes": [],
          "identity_schema_version": 0,
          "identity": {
            "account_id": "000000000000",
            "policy_arn": "arn:aws:iam::000000000000:policy/dynamodb-streams-policy",
            "role": "eventbridge-pipes-role"
          },
          "private": "bnVsbA==",
          "dependencies": [
            "module.dynamodb.aws_dynamodb_table.my_aws_dynamodb_table",
            "module.iam.aws_iam_policy.dynamodb_streams_policy",
            "module.iam.aws_iam_role.eventbridge_pipes_role"
          ]
        }
      ]
    },
    {
      "module": "module.iam",
      "mode": "managed",
      "type": "aws_iam_role_policy_attachment",
      "name": "eventbridge_policy_attachment",
      "provider": "provider[\"registry.terraform.io/hashicorp/aws\"]",
      "instances": [
        {
          "schema_version": 0,
          "attributes": {
            "id": "eventbridge-pipes-role/arn:aws:iam::000000000000:policy/eventbridge-put-events-policy",
            "policy_arn": "arn:aws:iam::000000000000:policy/eventbridge-put-events-policy",
            "role": "eventbridge-pipes-role"
          },
          "sensitive_attributes": [],
          "identity_schema_version": 0,
          "identity": {
            "account_id": "000000000000",
            "policy_arn": "arn:aws:iam::000000000000:policy/eventbridge-put-events-policy",
            "role": "eventbridge-pipes-role"
          },
          "private": "bnVsbA==",
          "dependencies": [
            "module.eventbridge.aws_cloudwatch_event_bus.my_event_bus",
            "module.iam.aws_iam_policy.eventbridge_policy",
            "module.iam.aws_iam_role.eventbridge_pipes_role"
          ]
        }
      ]
    },
    {
      "module": "module.iam",
      "mode": "managed",
      "type": "aws_iam_role_policy_attachment",
      "name": "logging_policy_attchment_for_dynamodb_lambda_role",
      "provider": "provider[\"registry.terraform.io/hashicorp/aws\"]",
      "instances": [
        {
          "schema_version": 0,
          "attributes": {
            "id": "lambda-dynamodb-iam-role/arn:aws:iam::000000000000:policy/logging-policy",
            "policy_arn": "arn:aws:iam::000000000000:policy/logging-policy",
            "role": "lambda-dynamodb-iam-role"
          },
          "sensitive_attributes": [],
          "identity_schema_version": 0,
          "identity": {
            "account_id": "000000000000",
            "policy_arn": "arn:aws:iam::000000000000:policy/logging-policy",
            "role": "lambda-dynamodb-iam-role"
          },
          "private": "bnVsbA==",
          "dependencies": [
            "module.cloudwatch.aws_cloudwatch_log_group.eventbridge_pipes_log_group",
            "module.iam.aws_iam_policy.logging_policy",
            "module.iam.aws_iam_role.lambda_dynamodb_execution_role"
          ]
        }
      ]
    },
    {
      "module": "module.iam",
      "mode": "managed",
      "type": "aws_iam_role_policy_attachment",
      "name": "logging_policy_attchment_for_s3_lambda_role",
      "provider": "provider[\"registry.terraform.io/hashicorp/aws\"]",
      "instances": [
        {
          "schema_version": 0,
          "attributes": {
            "id": "lambda-s3-iam-role/arn:aws:iam::000000000000:policy/logging-policy",
            "policy_arn": "arn:aws:iam::000000000000:policy/logging-policy",
            "role": "lambda-s3-iam-role"
          },
          "sensitive_attributes": [],
          "identity_schema_version": 0,
          "identity": {
            "account_id": "000000000000",
            "policy_arn": "arn:aws:iam::000000000000:policy/logging-policy",
            "role": "lambda-s3-iam-role"
          },
          "private": "bnVsbA==",
          "dependencies": [
            "module.cloudwatch.aws_cloudwatch_log_group.eventbridge_pipes_log_group",
            "module.iam.aws_iam_policy.logging_policy",
            "module.iam.aws_iam_role.lambda_s3_execution_role"
          ]
        }
      ]
    },
    {
      "module": "module.iam",
      "mode": "managed",
      "type": "aws_iam_role_policy_attachment",
      "name": "s3_policy_attachment",
      "provider": "provider[\"registry.terraform.io/hashicorp/aws\"]",
      "instances": [
        {
          "schema_version": 0,
          "attributes": {
            "id": "lambda-s3-iam-role/arn:aws:iam::000000000000:policy/lambda-function-s3-policy",
            "policy_arn": "arn:aws:iam::000000000000:policy/lambda-function-s3-policy",
            "role": "lambda-s3-iam-role"
          },
          "sensitive_attributes": [],
          "identity_schema_version": 0,
          "identity": {
            "account_id": "000000000000",
            "policy_arn": "arn:aws:iam::000000000000:policy/lambda-function-s3-policy",
            "role": "lambda-s3-iam-role"
          },
          "private": "bnVsbA==",
          "dependencies": [
            "module.iam.aws_iam_policy.s3_policy",
            "module.iam.aws_iam_role.lambda_s3_execution_role",
            "module.s3.aws_s3_bucket.my_aws_s3_bucket"
          ]
        }
      ]
    },
    {
      "module": "module.lambda",
      "mode": "data",
      "type": "archive_file",
      "name": "lambda_dynamodb",
      "provider": "provider[\"registry.terraform.io/hashicorp/archive\"]",
      "instances": [
        {
          "schema_version": 0,
          "attributes": {
            "exclude_symlink_directories": null,
            "excludes": null,
            "id": "4554c5db5a0b91bb576ffe696e4b25164fc93559",
            "output_base64sha256": "yKhb9/JVstvxOn3vUSnP7Nulx9Ip3cj2llfp6i4NVTo=",
            "output_base64sha512": "AFQjpw+Dj1/rKRdQCUNTNhvgDWfSc8k/wbtwM6ANcdBjp9Iz0y2bi1yPW+4G/AoS66DqzqkS6TXPiLe7xFqaEA==",
            "output_file_mode": null,
            "output_md5": "6c1df44069b76cf33d9c4cc87af02f6a",
            "output_path": "../../modules/lambda/archive-files/dynamodb_function.zip",
            "output_sha": "4554c5db5a0b91bb576ffe696e4b25164fc93559",
            "output_sha256": "c8a85bf7f255b2dbf13a7def5129cfecdba5c7d229ddc8f69657e9ea2e0d553a",
            "output_sha512": "005423a70f838f5feb291750094353361be00d67d273c93fc1bb7033a00d71d063a7d233d32d9b8b5c8f5bee06fc0a12eba0eacea912e935cf88b7bbc45a9a10",
            "output_size": 782,
            "source": [],
            "source_content": null,
            "source_content_filename": null,
            "source_dir": null,
            "source_file": "../../modules/lambda/functions/dynamodb.py",
            "type": "zip"
          },
          "sensitive_attributes": [],
          "identity_schema_version": 0
        }
      ]
    },
    {
      "module": "module.lambda",
      "mode": "data",
      "type": "archive_file",
      "name": "lambda_s3",
      "provider": "provider[\"registry.terraform.io/hashicorp/archive\"]",
      "instances": [
        {
          "schema_version": 0,
          "attributes": {
            "exclude_symlink_directories": null,
            "excludes": null,
            "id": "c9a93b83ce6d77b6c7283197e2961a6b72c5897d",
            "output_base64sha256": "Bg8cEW4wP7cakN1tCgcSTmLyhJKNXfFuxlyI1i0Sc4I=",
            "output_base64sha512": "9vBuIBR7cV3XzmUA6HSP1TPvYBms2rCIGvBl4yo0iZFEu9KJsV+hNlCUxxT1U4ZzPJ5PYTzZ1IW9p5JpdNd5wg==",
            "output_file_mode": null,
            "output_md5": "c9e1f8493e9c33e81347850bcba64960",
            "output_path": "../../modules/lambda/archive-files/s3_function.zip",
            "output_sha": "c9a93b83ce6d77b6c7283197e2961a6b72c5897d",
            "output_sha256": "060f1c116e303fb71a90dd6d0a07124e62f284928d5df16ec65c88d62d127382",
            "output_sha512": "f6f06e20147b715dd7ce6500e8748fd533ef6019acdab0881af065e32a34899144bbd289b15fa1365094c714f55386733c9e4f613cd9d485bda7926974d779c2",
            "output_size": 592,
            "source": [],
            "source_content": null,
            "source_content_filename": null,
            "source_dir": null,
            "source_file": "../../modules/lambda/functions/s3.py",
            "type": "zip"
          },
          "sensitive_attributes": [],
          "identity_schema_version": 0
        }
      ]
    },
    {
      "module": "module.lambda",
      "mode": "managed",
      "type": "aws_lambda_function",
      "name": "lambda_dynamodb",
      "provider": "provider[\"registry.terraform.io/hashicorp/aws\"]",
      "instances": [
        {
          "schema_version": 0,
          "attributes": {
            "architectures": [
              "x86_64"
            ],
            "arn": "arn:aws:lambda:us-east-1:000000000000:function:lambda-function-dynamodb",
            "capacity_provider_config": [],
            "code_sha256": "yKhb9/JVstvxOn3vUSnP7Nulx9Ip3cj2llfp6i4NVTo=",
            "code_signing_config_arn": "",
            "dead_letter_config": [
              {
                "target_arn": "arn:aws:sqs:us-east-1:000000000000:username-deadletterqueue"
              }
            ],
            "description": "",
            "durable_config": [],
            "environment": [],
            "ephemeral_storage": [
              {
                "size": 512
              }
            ],
            "file_system_config": [],
            "filename": "../../modules/lambda/archive-files/dynamodb_function.zip",
            "function_name": "lambda-function-dynamodb",
            "handler": "dynamodb.lambda_handler",
            "id": "lambda-function-dynamodb",
            "image_config": [],
            "image_uri": "",
            "invoke_arn": "arn:aws:apigateway:us-east-1:lambda:path/2015-03-31/functions/arn:aws:lambda:us-east-1:000000000000:function:lambda-function-dynamodb/invocations",
            "kms_key_arn": "",
            "last_modified": "2026-06-28T16:29:51.177668+0000",
            "layers": null,
            "logging_config": [
              {
                "application_log_level": "",
                "log_format": "Text",
                "log_group": "/aws/lambda/lambda-function-dynamodb",
                "system_log_level": ""
              }
            ],
            "memory_size": 128,
            "package_type": "Zip",
            "publish": false,
            "publish_to": null,
            "qualified_arn": "arn:aws:lambda:us-east-1:000000000000:function:lambda-function-dynamodb:$LATEST",
            "qualified_invoke_arn": "arn:aws:apigateway:us-east-1:lambda:path/2015-03-31/functions/arn:aws:lambda:us-east-1:000000000000:function:lambda-function-dynamodb:$LATEST/invocations",
            "region": "us-east-1",
            "replace_security_groups_on_destroy": null,
            "replacement_security_group_ids": null,
            "reserved_concurrent_executions": -1,
            "response_streaming_invoke_arn": "arn:aws:apigateway:us-east-1:lambda:path/2021-11-15/functions/arn:aws:lambda:us-east-1:000000000000:function:lambda-function-dynamodb/response-streaming-invocations",
            "role": "arn:aws:iam::000000000000:role/lambda-dynamodb-iam-role",
            "runtime": "python3.14",
            "s3_bucket": null,
            "s3_key": null,
            "s3_object_version": null,
            "signing_job_arn": "",
            "signing_profile_version_arn": "",
            "skip_destroy": false,
            "snap_start": [],
            "source_code_hash": "",
            "source_code_size": 782,
            "source_kms_key_arn": "",
            "tags": null,
            "tags_all": {
              "Environment": "dev"
            },
            "tenancy_config": [],
            "timeout": 60,
            "timeouts": null,
            "tracing_config": [
              {
                "mode": "PassThrough"
              }
            ],
            "version": "$LATEST",
            "vpc_config": []
          },
          "sensitive_attributes": [],
          "identity_schema_version": 0,
          "identity": {
            "account_id": "000000000000",
            "function_name": "lambda-function-dynamodb",
            "region": "us-east-1"
          },
          "private": "eyJlMmJmYjczMC1lY2FhLTExZTYtOGY4OC0zNDM2M2JjN2M0YzAiOnsiY3JlYXRlIjo2MDAwMDAwMDAwMDAsImRlbGV0ZSI6NjAwMDAwMDAwMDAwLCJ1cGRhdGUiOjYwMDAwMDAwMDAwMH19",
          "dependencies": [
            "module.iam.aws_iam_role.lambda_dynamodb_execution_role",
            "module.lambda.data.archive_file.lambda_dynamodb",
            "module.sqs.aws_sqs_queue.my_aws_sqs_deadletter_queue"
          ]
        }
      ]
    },
    {
      "module": "module.lambda",
      "mode": "managed",
      "type": "aws_lambda_function",
      "name": "lambda_s3",
      "provider": "provider[\"registry.terraform.io/hashicorp/aws\"]",
      "instances": [
        {
          "schema_version": 0,
          "attributes": {
            "architectures": [
              "x86_64"
            ],
            "arn": "arn:aws:lambda:us-east-1:000000000000:function:lambda-function-s3",
            "capacity_provider_config": [],
            "code_sha256": "Bg8cEW4wP7cakN1tCgcSTmLyhJKNXfFuxlyI1i0Sc4I=",
            "code_signing_config_arn": "",
            "dead_letter_config": [],
            "description": "",
            "durable_config": [],
            "environment": [],
            "ephemeral_storage": [
              {
                "size": 512
              }
            ],
            "file_system_config": [],
            "filename": "../../modules/lambda/archive-files/s3_function.zip",
            "function_name": "lambda-function-s3",
            "handler": "s3.lambda_handler",
            "id": "lambda-function-s3",
            "image_config": [],
            "image_uri": "",
            "invoke_arn": "arn:aws:apigateway:us-east-1:lambda:path/2015-03-31/functions/arn:aws:lambda:us-east-1:000000000000:function:lambda-function-s3/invocations",
            "kms_key_arn": "",
            "last_modified": "2026-06-28T16:29:26.247824+0000",
            "layers": null,
            "logging_config": [
              {
                "application_log_level": "",
                "log_format": "Text",
                "log_group": "/aws/lambda/lambda-function-s3",
                "system_log_level": ""
              }
            ],
            "memory_size": 128,
            "package_type": "Zip",
            "publish": false,
            "publish_to": null,
            "qualified_arn": "arn:aws:lambda:us-east-1:000000000000:function:lambda-function-s3:$LATEST",
            "qualified_invoke_arn": "arn:aws:apigateway:us-east-1:lambda:path/2015-03-31/functions/arn:aws:lambda:us-east-1:000000000000:function:lambda-function-s3:$LATEST/invocations",
            "region": "us-east-1",
            "replace_security_groups_on_destroy": null,
            "replacement_security_group_ids": null,
            "reserved_concurrent_executions": -1,
            "response_streaming_invoke_arn": "arn:aws:apigateway:us-east-1:lambda:path/2021-11-15/functions/arn:aws:lambda:us-east-1:000000000000:function:lambda-function-s3/response-streaming-invocations",
            "role": "arn:aws:iam::000000000000:role/lambda-s3-iam-role",
            "runtime": "python3.14",
            "s3_bucket": null,
            "s3_key": null,
            "s3_object_version": null,
            "signing_job_arn": "",
            "signing_profile_version_arn": "",
            "skip_destroy": false,
            "snap_start": [],
            "source_code_hash": "",
            "source_code_size": 592,
            "source_kms_key_arn": "",
            "tags": null,
            "tags_all": {
              "Environment": "dev"
            },
            "tenancy_config": [],
            "timeout": 60,
            "timeouts": null,
            "tracing_config": [
              {
                "mode": "PassThrough"
              }
            ],
            "version": "$LATEST",
            "vpc_config": []
          },
          "sensitive_attributes": [],
          "identity_schema_version": 0,
          "identity": {
            "account_id": "000000000000",
            "function_name": "lambda-function-s3",
            "region": "us-east-1"
          },
          "private": "eyJlMmJmYjczMC1lY2FhLTExZTYtOGY4OC0zNDM2M2JjN2M0YzAiOnsiY3JlYXRlIjo2MDAwMDAwMDAwMDAsImRlbGV0ZSI6NjAwMDAwMDAwMDAwLCJ1cGRhdGUiOjYwMDAwMDAwMDAwMH19",
          "dependencies": [
            "module.iam.aws_iam_role.lambda_s3_execution_role",
            "module.lambda.data.archive_file.lambda_s3"
          ]
        }
      ]
    },
    {
      "module": "module.lambda",
      "mode": "managed",
      "type": "aws_lambda_permission",
      "name": "allow_apigateway",
      "provider": "provider[\"registry.terraform.io/hashicorp/aws\"]",
      "instances": [
        {
          "schema_version": 0,
          "attributes": {
            "action": "lambda:InvokeFunction",
            "event_source_token": null,
            "function_name": "lambda-function-dynamodb",
            "function_url_auth_type": null,
            "id": "AllowAPIGatewayInvoke",
            "invoked_via_function_url": null,
            "principal": "apigateway.amazonaws.com",
            "principal_org_id": null,
            "qualifier": "",
            "region": "us-east-1",
            "source_account": null,
            "source_arn": "arn:aws:apigateway:us-east-1::/restapis/nrrdzsclup",
            "statement_id": "AllowAPIGatewayInvoke",
            "statement_id_prefix": ""
          },
          "sensitive_attributes": [],
          "identity_schema_version": 0,
          "identity": {
            "account_id": "000000000000",
            "function_name": "lambda-function-dynamodb",
            "qualifier": null,
            "region": "us-east-1",
            "statement_id": "AllowAPIGatewayInvoke"
          },
          "private": "bnVsbA==",
          "dependencies": [
            "module.api-gateway.aws_api_gateway_rest_api.my_aws_api_gateway_rest_api",
            "module.iam.aws_iam_role.lambda_dynamodb_execution_role",
            "module.lambda.aws_lambda_function.lambda_dynamodb",
            "module.lambda.data.archive_file.lambda_dynamodb",
            "module.sqs.aws_sqs_queue.my_aws_sqs_deadletter_queue"
          ]
        }
      ]
    },
    {
      "module": "module.lambda",
      "mode": "managed",
      "type": "aws_lambda_permission",
      "name": "allow_eventbridge",
      "provider": "provider[\"registry.terraform.io/hashicorp/aws\"]",
      "instances": [
        {
          "schema_version": 0,
          "attributes": {
            "action": "lambda:InvokeFunction",
            "event_source_token": null,
            "function_name": "lambda-function-s3",
            "function_url_auth_type": null,
            "id": "AllowEventBridgeInvok",
            "invoked_via_function_url": null,
            "principal": "eventbridge.amazonaws.com",
            "principal_org_id": null,
            "qualifier": "",
            "region": "us-east-1",
            "source_account": null,
            "source_arn": "arn:aws:events:us-east-1:000000000000:event-bus/user-data-forwarder",
            "statement_id": "AllowEventBridgeInvok",
            "statement_id_prefix": ""
          },
          "sensitive_attributes": [],
          "identity_schema_version": 0,
          "identity": {
            "account_id": "000000000000",
            "function_name": "lambda-function-s3",
            "qualifier": null,
            "region": "us-east-1",
            "statement_id": "AllowEventBridgeInvok"
          },
          "private": "bnVsbA==",
          "dependencies": [
            "module.eventbridge.aws_cloudwatch_event_bus.my_event_bus",
            "module.iam.aws_iam_role.lambda_s3_execution_role",
            "module.lambda.aws_lambda_function.lambda_s3",
            "module.lambda.data.archive_file.lambda_s3"
          ]
        }
      ]
    },
    {
      "module": "module.s3",
      "mode": "managed",
      "type": "aws_s3_bucket",
      "name": "my_aws_s3_bucket",
      "provider": "provider[\"registry.terraform.io/hashicorp/aws\"]",
      "instances": [
        {
          "schema_version": 0,
          "attributes": {
            "acceleration_status": "",
            "acl": null,
            "arn": "arn:aws:s3:::user-data",
            "bucket": "user-data",
            "bucket_domain_name": "user-data.s3.amazonaws.com",
            "bucket_namespace": "global",
            "bucket_prefix": "",
            "bucket_region": "us-east-1",
            "bucket_regional_domain_name": "user-data.s3.us-east-1.amazonaws.com",
            "cors_rule": [],
            "force_destroy": false,
            "grant": [
              {
                "id": "75aa57f09aa0c8caeab4f8c24e99d10f8e7faeebf76c078efc7c6caea54ba06a",
                "permissions": [
                  "FULL_CONTROL"
                ],
                "type": "CanonicalUser",
                "uri": ""
              }
            ],
            "hosted_zone_id": "Z3AQBSTGFYJSTF",
            "id": "user-data",
            "lifecycle_rule": [],
            "logging": [],
            "object_lock_configuration": [],
            "object_lock_enabled": false,
            "policy": "",
            "region": "us-east-1",
            "replication_configuration": [],
            "request_payer": "BucketOwner",
            "server_side_encryption_configuration": [
              {
                "rule": [
                  {
                    "apply_server_side_encryption_by_default": [
                      {
                        "kms_master_key_id": "",
                        "sse_algorithm": "AES256"
                      }
                    ],
                    "bucket_key_enabled": false
                  }
                ]
              }
            ],
            "tags": null,
            "tags_all": {
              "Environment": "dev"
            },
            "timeouts": null,
            "versioning": [
              {
                "enabled": false,
                "mfa_delete": false
              }
            ],
            "website": [],
            "website_domain": null,
            "website_endpoint": null
          },
          "sensitive_attributes": [],
          "identity_schema_version": 0,
          "identity": {
            "account_id": "000000000000",
            "bucket": "user-data",
            "region": "us-east-1"
          },
          "private": "eyJlMmJmYjczMC1lY2FhLTExZTYtOGY4OC0zNDM2M2JjN2M0YzAiOnsiY3JlYXRlIjoxMjAwMDAwMDAwMDAwLCJkZWxldGUiOjM2MDAwMDAwMDAwMDAsInJlYWQiOjEyMDAwMDAwMDAwMDAsInVwZGF0ZSI6MTIwMDAwMDAwMDAwMH19"
        }
      ]
    },
    {
      "module": "module.sqs",
      "mode": "managed",
      "type": "aws_sqs_queue",
      "name": "my_aws_sqs_deadletter_queue",
      "provider": "provider[\"registry.terraform.io/hashicorp/aws\"]",
      "instances": [
        {
          "schema_version": 0,
          "attributes": {
            "arn": "arn:aws:sqs:us-east-1:000000000000:username-deadletterqueue",
            "content_based_deduplication": false,
            "deduplication_scope": "",
            "delay_seconds": 90,
            "fifo_queue": false,
            "fifo_throughput_limit": "",
            "id": "http://sqs.us-east-1.localhost.localstack.cloud:4566/000000000000/username-deadletterqueue",
            "kms_data_key_reuse_period_seconds": 300,
            "kms_master_key_id": "",
            "max_message_size": 2048,
            "message_retention_seconds": 86400,
            "name": "username-deadletterqueue",
            "name_prefix": "",
            "policy": "",
            "receive_wait_time_seconds": 10,
            "redrive_allow_policy": "",
            "redrive_policy": "",
            "region": "us-east-1",
            "sqs_managed_sse_enabled": true,
            "tags": null,
            "tags_all": {
              "Environment": "dev"
            },
            "timeouts": null,
            "url": "http://sqs.us-east-1.localhost.localstack.cloud:4566/000000000000/username-deadletterqueue",
            "visibility_timeout_seconds": 30
          },
          "sensitive_attributes": [],
          "identity_schema_version": 1,
          "identity": {
            "url": "http://sqs.us-east-1.localhost.localstack.cloud:4566/000000000000/username-deadletterqueue"
          },
          "private": "eyJlMmJmYjczMC1lY2FhLTExZTYtOGY4OC0zNDM2M2JjN2M0YzAiOnsiY3JlYXRlIjoxODAwMDAwMDAwMDAsImRlbGV0ZSI6MTgwMDAwMDAwMDAwLCJ1cGRhdGUiOjE4MDAwMDAwMDAwMH19"
        }
      ]
    }
  ],
  "check_results": null
}
