{
  "version": 4,
  "terraform_version": "1.15.5",
  "serial": 58,
  "lineage": "81719b8b-e3ed-f59d-3a20-5c6ef22874f2",
  "outputs": {},
  "resources": [
    {
      "module": "module.api-gateway",
      "mode": "managed",
      "type": "aws_api_gateway_deployment",
      "name": "restapi_deployment",
      "provider": "provider[\"registry.terraform.io/hashicorp/aws\"]",
      "instances": [
        {
          "schema_version": 0,
          "attributes": {
            "created_date": "2026-06-01T21:33:59Z",
            "description": "",
            "id": "oi1kaqaogx",
            "region": "us-east-1",
            "rest_api_id": "8vte60ohto",
            "triggers": null,
            "variables": null
          },
          "sensitive_attributes": [],
          "identity_schema_version": 0,
          "private": "bnVsbA==",
          "dependencies": [
            "module.api-gateway.aws_api_gateway_integration.lambda_integration",
            "module.api-gateway.aws_api_gateway_resource.username_aws_api_gateway_resource",
            "module.api-gateway.aws_api_gateway_rest_api.my_aws_api_gateway_rest_api",
            "module.iam.aws_iam_role.lambda_execution_role",
            "module.lambda.aws_lambda_function.lambda_dynamodb",
            "module.lambda.data.archive_file.lambda_dynamodb"
          ]
        }
      ]
    },
    {
      "module": "module.api-gateway",
      "mode": "managed",
      "type": "aws_api_gateway_integration",
      "name": "lambda_integration",
      "provider": "provider[\"registry.terraform.io/hashicorp/aws\"]",
      "instances": [
        {
          "schema_version": 0,
          "attributes": {
            "cache_key_parameters": null,
            "cache_namespace": "qhhwqronsn",
            "connection_id": "",
            "connection_type": "INTERNET",
            "content_handling": "",
            "credentials": "",
            "http_method": "POST",
            "id": "agi-8vte60ohto-qhhwqronsn-POST",
            "integration_http_method": "POST",
            "integration_target": "",
            "passthrough_behavior": "WHEN_NO_MATCH",
            "region": "us-east-1",
            "request_parameters": null,
            "request_templates": null,
            "resource_id": "qhhwqronsn",
            "response_transfer_mode": "BUFFERED",
            "rest_api_id": "8vte60ohto",
            "timeout_milliseconds": 29000,
            "tls_config": [],
            "type": "AWS_PROXY",
            "uri": "arn:aws:apigateway:us-east-1:lambda:path/2015-03-31/functions/arn:aws:lambda:us-east-1:000000000000:function:lambda-function-dynamodb/invocations"
          },
          "sensitive_attributes": [],
          "identity_schema_version": 0,
          "identity": {
            "account_id": "000000000000",
            "http_method": "POST",
            "region": "us-east-1",
            "resource_id": "qhhwqronsn",
            "rest_api_id": "8vte60ohto"
          },
          "private": "bnVsbA==",
          "dependencies": [
            "module.api-gateway.aws_api_gateway_resource.username_aws_api_gateway_resource",
            "module.api-gateway.aws_api_gateway_rest_api.my_aws_api_gateway_rest_api",
            "module.iam.aws_iam_role.lambda_execution_role",
            "module.lambda.aws_lambda_function.lambda_dynamodb",
            "module.lambda.data.archive_file.lambda_dynamodb"
          ]
        }
      ]
    },
    {
      "module": "module.api-gateway",
      "mode": "managed",
      "type": "aws_api_gateway_method",
      "name": "post_method",
      "provider": "provider[\"registry.terraform.io/hashicorp/aws\"]",
      "instances": [
        {
          "schema_version": 0,
          "attributes": {
            "api_key_required": false,
            "authorization": "NONE",
            "authorization_scopes": null,
            "authorizer_id": null,
            "http_method": "POST",
            "id": "agm-8vte60ohto-qhhwqronsn-POST",
            "operation_name": null,
            "region": "us-east-1",
            "request_models": null,
            "request_parameters": null,
            "request_validator_id": null,
            "resource_id": "qhhwqronsn",
            "rest_api_id": "8vte60ohto"
          },
          "sensitive_attributes": [],
          "identity_schema_version": 0,
          "identity": {
            "account_id": "000000000000",
            "http_method": "POST",
            "region": "us-east-1",
            "resource_id": "qhhwqronsn",
            "rest_api_id": "8vte60ohto"
          },
          "private": "bnVsbA==",
          "dependencies": [
            "module.api-gateway.aws_api_gateway_resource.username_aws_api_gateway_resource",
            "module.api-gateway.aws_api_gateway_rest_api.my_aws_api_gateway_rest_api"
          ]
        }
      ]
    },
    {
      "module": "module.api-gateway",
      "mode": "managed",
      "type": "aws_api_gateway_resource",
      "name": "username_aws_api_gateway_resource",
      "provider": "provider[\"registry.terraform.io/hashicorp/aws\"]",
      "instances": [
        {
          "schema_version": 0,
          "attributes": {
            "id": "qhhwqronsn",
            "parent_id": "anqppznmhe",
            "path": "/username",
            "path_part": "username",
            "region": "us-east-1",
            "rest_api_id": "8vte60ohto"
          },
          "sensitive_attributes": [],
          "identity_schema_version": 0,
          "identity": {
            "account_id": "000000000000",
            "id": "qhhwqronsn",
            "region": "us-east-1",
            "rest_api_id": "8vte60ohto"
          },
          "private": "bnVsbA==",
          "dependencies": [
            "module.api-gateway.aws_api_gateway_rest_api.my_aws_api_gateway_rest_api"
          ]
        }
      ]
    },
    {
      "module": "module.api-gateway",
      "mode": "managed",
      "type": "aws_api_gateway_rest_api",
      "name": "my_aws_api_gateway_rest_api",
      "provider": "provider[\"registry.terraform.io/hashicorp/aws\"]",
      "instances": [
        {
          "schema_version": 0,
          "attributes": {
            "api_key_source": "HEADER",
            "arn": "arn:aws:apigateway:us-east-1::/restapis/8vte60ohto",
            "binary_media_types": [],
            "body": null,
            "created_date": "2026-06-01T21:33:41Z",
            "description": "",
            "disable_execute_api_endpoint": false,
            "endpoint_configuration": [
              {
                "ip_address_type": "ipv4",
                "types": [
                  "EDGE"
                ],
                "vpc_endpoint_ids": []
              }
            ],
            "execution_arn": "arn:aws:execute-api:us-east-1:000000000000:8vte60ohto",
            "fail_on_warnings": null,
            "id": "8vte60ohto",
            "minimum_compression_size": "",
            "name": "username-api",
            "parameters": null,
            "policy": "",
            "put_rest_api_mode": null,
            "region": "us-east-1",
            "root_resource_id": "anqppznmhe",
            "tags": null,
            "tags_all": {
              "Environment": "dev"
            }
          },
          "sensitive_attributes": [],
          "identity_schema_version": 0,
          "identity": {
            "account_id": "000000000000",
            "id": "8vte60ohto",
            "region": "us-east-1"
          },
          "private": "bnVsbA=="
        }
      ]
    },
    {
      "module": "module.api-gateway",
      "mode": "managed",
      "type": "aws_api_gateway_stage",
      "name": "my_aws_api_gateway_rest_api",
      "provider": "provider[\"registry.terraform.io/hashicorp/aws\"]",
      "instances": [
        {
          "schema_version": 0,
          "attributes": {
            "access_log_settings": [],
            "arn": "arn:aws:apigateway:us-east-1::/restapis/8vte60ohto/stages/dev",
            "cache_cluster_enabled": false,
            "cache_cluster_size": "",
            "canary_settings": [],
            "client_certificate_id": "",
            "deployment_id": "oi1kaqaogx",
            "description": "",
            "documentation_version": "",
            "execution_arn": "arn:aws:execute-api:us-east-1:000000000000:8vte60ohto/dev",
            "id": "ags-8vte60ohto-dev",
            "invoke_url": "https://8vte60ohto.execute-api.us-east-1.amazonaws.com/dev",
            "region": "us-east-1",
            "rest_api_id": "8vte60ohto",
            "stage_name": "dev",
            "tags": null,
            "tags_all": {
              "Environment": "dev"
            },
            "variables": null,
            "web_acl_arn": "",
            "xray_tracing_enabled": false
          },
          "sensitive_attributes": [],
          "identity_schema_version": 0,
          "private": "bnVsbA==",
          "dependencies": [
            "module.api-gateway.aws_api_gateway_deployment.restapi_deployment",
            "module.api-gateway.aws_api_gateway_integration.lambda_integration",
            "module.api-gateway.aws_api_gateway_resource.username_aws_api_gateway_resource",
            "module.api-gateway.aws_api_gateway_rest_api.my_aws_api_gateway_rest_api",
            "module.iam.aws_iam_role.lambda_execution_role",
            "module.lambda.aws_lambda_function.lambda_dynamodb",
            "module.lambda.data.archive_file.lambda_dynamodb"
          ]
        }
      ]
    },
    {
      "module": "module.dynamodb",
      "mode": "managed",
      "type": "aws_dynamodb_table",
      "name": "my_aws_dynamodb_table",
      "provider": "provider[\"registry.terraform.io/hashicorp/aws\"]",
      "instances": [
        {
          "schema_version": 1,
          "attributes": {
            "arn": "arn:aws:dynamodb:us-east-1:000000000000:table/username-dynamodb-table",
            "attribute": [
              {
                "name": "username",
                "type": "S"
              }
            ],
            "billing_mode": "PAY_PER_REQUEST",
            "deletion_protection_enabled": false,
            "global_secondary_index": [],
            "global_table_witness": [],
            "hash_key": "username",
            "id": "username-dynamodb-table",
            "import_table": [],
            "local_secondary_index": [],
            "name": "username-dynamodb-table",
            "on_demand_throughput": [],
            "point_in_time_recovery": [
              {
                "enabled": false,
                "recovery_period_in_days": 0
              }
            ],
            "range_key": null,
            "read_capacity": 0,
            "region": "us-east-1",
            "replica": [],
            "restore_backup_arn": null,
            "restore_date_time": null,
            "restore_source_name": null,
            "restore_source_table_arn": null,
            "restore_to_latest_time": null,
            "server_side_encryption": [],
            "stream_arn": "arn:aws:dynamodb:us-east-1:000000000000:table/username-dynamodb-table/stream/2026-06-01T21:33:41.738",
            "stream_enabled": true,
            "stream_label": "2026-06-01T21:33:41.738",
            "stream_view_type": "NEW_AND_OLD_IMAGES",
            "table_class": "STANDARD",
            "tags": null,
            "tags_all": {
              "Environment": "dev"
            },
            "timeouts": null,
            "ttl": [
              {
                "attribute_name": "",
                "enabled": false
              }
            ],
            "warm_throughput": [],
            "write_capacity": 0
          },
          "sensitive_attributes": [],
          "identity_schema_version": 0,
          "identity": {
            "account_id": "000000000000",
            "name": "username-dynamodb-table",
            "region": "us-east-1"
          },
          "private": "eyJlMmJmYjczMC1lY2FhLTExZTYtOGY4OC0zNDM2M2JjN2M0YzAiOnsiY3JlYXRlIjoxODAwMDAwMDAwMDAwLCJkZWxldGUiOjYwMDAwMDAwMDAwMCwidXBkYXRlIjozNjAwMDAwMDAwMDAwfSwic2NoZW1hX3ZlcnNpb24iOiIxIn0="
        }
      ]
    },
    {
      "module": "module.iam",
      "mode": "managed",
      "type": "aws_iam_policy",
      "name": "lambda_dynamodb_policy",
      "provider": "provider[\"registry.terraform.io/hashicorp/aws\"]",
      "instances": [
        {
          "schema_version": 0,
          "attributes": {
            "arn": "arn:aws:iam::000000000000:policy/lambda-function-dynamodb-policy",
            "attachment_count": 0,
            "delay_after_policy_creation_in_ms": null,
            "description": "",
            "id": "arn:aws:iam::000000000000:policy/lambda-function-dynamodb-policy",
            "name": "lambda-function-dynamodb-policy",
            "name_prefix": "",
            "path": "/",
            "policy": "{\"Statement\":[{\"Action\":[\"dynamodb:GetItem\",\"dynamodb:PutItem\"],\"Effect\":\"Allow\",\"Resource\":[\"arn:aws:lambda:us-east-1:000000000000:function:lambda-function-dynamodb\"]}],\"Version\":\"2012-10-17\"}",
            "policy_id": "A71CPZLNIRCP6RZ0S7N5S",
            "tags": null,
            "tags_all": {
              "Environment": "dev"
            }
          },
          "sensitive_attributes": [],
          "identity_schema_version": 0,
          "identity": {
            "arn": "arn:aws:iam::000000000000:policy/lambda-function-dynamodb-policy"
          },
          "private": "bnVsbA==",
          "dependencies": [
            "module.iam.aws_iam_role.lambda_execution_role",
            "module.lambda.aws_lambda_function.lambda_dynamodb",
            "module.lambda.data.archive_file.lambda_dynamodb"
          ]
        }
      ]
    },
    {
      "module": "module.iam",
      "mode": "managed",
      "type": "aws_iam_policy",
      "name": "lambda_logging_policy",
      "provider": "provider[\"registry.terraform.io/hashicorp/aws\"]",
      "instances": [
        {
          "schema_version": 0,
          "attributes": {
            "arn": "arn:aws:iam::000000000000:policy/lambda-function-logging-policy",
            "attachment_count": 0,
            "delay_after_policy_creation_in_ms": null,
            "description": "",
            "id": "arn:aws:iam::000000000000:policy/lambda-function-logging-policy",
            "name": "lambda-function-logging-policy",
            "name_prefix": "",
            "path": "/",
            "policy": "{\"Statement\":[{\"Action\":[\"logs:CreateLogGroup\",\"logs:CreateLogStream\",\"logs:PutLogEvents\"],\"Effect\":\"Allow\",\"Resource\":[\"arn:aws:logs:*:*:*\"]}],\"Version\":\"2012-10-17\"}",
            "policy_id": "AA77PBIFCI4PF9OSNRI31",
            "tags": null,
            "tags_all": {
              "Environment": "dev"
            }
          },
          "sensitive_attributes": [],
          "identity_schema_version": 0,
          "identity": {
            "arn": "arn:aws:iam::000000000000:policy/lambda-function-logging-policy"
          },
          "private": "bnVsbA=="
        }
      ]
    },
    {
      "module": "module.iam",
      "mode": "managed",
      "type": "aws_iam_role",
      "name": "lambda_execution_role",
      "provider": "provider[\"registry.terraform.io/hashicorp/aws\"]",
      "instances": [
        {
          "schema_version": 0,
          "attributes": {
            "arn": "arn:aws:iam::000000000000:role/lambda-function-dynanodb-role",
            "assume_role_policy": "{\"Statement\":[{\"Action\":\"sts:AssumeRole\",\"Effect\":\"Allow\",\"Principal\":{\"Service\":\"lambda.amazonaws.com\"}}],\"Version\":\"2012-10-17\"}",
            "create_date": "2026-06-01T21:33:41Z",
            "description": "",
            "force_detach_policies": false,
            "id": "lambda-function-dynanodb-role",
            "inline_policy": [],
            "managed_policy_arns": [],
            "max_session_duration": 3600,
            "name": "lambda-function-dynanodb-role",
            "name_prefix": "",
            "path": "/",
            "permissions_boundary": "",
            "tags": null,
            "tags_all": {
              "Environment": "dev"
            },
            "unique_id": "AROAQAAAAAAAD4LYOET4I"
          },
          "sensitive_attributes": [],
          "identity_schema_version": 0,
          "identity": {
            "account_id": "000000000000",
            "name": "lambda-function-dynanodb-role"
          },
          "private": "bnVsbA=="
        }
      ]
    },
    {
      "module": "module.iam",
      "mode": "managed",
      "type": "aws_iam_role_policy_attachment",
      "name": "lambda_dynamodb",
      "provider": "provider[\"registry.terraform.io/hashicorp/aws\"]",
      "instances": [
        {
          "schema_version": 0,
          "attributes": {
            "id": "lambda-function-dynanodb-role/arn:aws:iam::000000000000:policy/lambda-function-logging-policy",
            "policy_arn": "arn:aws:iam::000000000000:policy/lambda-function-logging-policy",
            "role": "lambda-function-dynanodb-role"
          },
          "sensitive_attributes": [],
          "identity_schema_version": 0,
          "identity": {
            "account_id": "000000000000",
            "policy_arn": "arn:aws:iam::000000000000:policy/lambda-function-logging-policy",
            "role": "lambda-function-dynanodb-role"
          },
          "private": "bnVsbA==",
          "dependencies": [
            "module.iam.aws_iam_policy.lambda_logging_policy",
            "module.iam.aws_iam_role.lambda_execution_role"
          ]
        }
      ]
    },
    {
      "module": "module.iam",
      "mode": "managed",
      "type": "aws_iam_role_policy_attachment",
      "name": "lambda_logs",
      "provider": "provider[\"registry.terraform.io/hashicorp/aws\"]",
      "instances": [
        {
          "schema_version": 0,
          "attributes": {
            "id": "lambda-function-dynanodb-role/arn:aws:iam::000000000000:policy/lambda-function-logging-policy",
            "policy_arn": "arn:aws:iam::000000000000:policy/lambda-function-logging-policy",
            "role": "lambda-function-dynanodb-role"
          },
          "sensitive_attributes": [],
          "identity_schema_version": 0,
          "identity": {
            "account_id": "000000000000",
            "policy_arn": "arn:aws:iam::000000000000:policy/lambda-function-logging-policy",
            "role": "lambda-function-dynanodb-role"
          },
          "private": "bnVsbA==",
          "dependencies": [
            "module.iam.aws_iam_policy.lambda_logging_policy",
            "module.iam.aws_iam_role.lambda_execution_role"
          ]
        }
      ]
    },
    {
      "module": "module.lambda",
      "mode": "data",
      "type": "archive_file",
      "name": "lambda_dynamodb",
      "provider": "provider[\"registry.terraform.io/hashicorp/archive\"]",
      "instances": [
        {
          "schema_version": 0,
          "attributes": {
            "exclude_symlink_directories": null,
            "excludes": null,
            "id": "4b509ccd491afe87835c5f5be61dee0932583a1a",
            "output_base64sha256": "k4IyyIzK9hZcAX1BeRcT5h4bWHrk9Po/2/SwG9VS0Os=",
            "output_base64sha512": "DGgphA+CxHzqn0TqUQ6JAQkQD++cyRYb/pSaaczRomB3xvkkV0OVivegPgPyk0I8KIm7nAsS9SKPjibrwIzNSg==",
            "output_file_mode": null,
            "output_md5": "4f1625d68a284d2e1f23dde99204bd04",
            "output_path": "../../modules/lambda/functions/function.zip",
            "output_sha": "4b509ccd491afe87835c5f5be61dee0932583a1a",
            "output_sha256": "938232c88ccaf6165c017d41791713e61e1b587ae4f4fa3fdbf4b01bd552d0eb",
            "output_sha512": "0c6829840f82c47cea9f44ea510e890109100fef9cc9161bfe949a69ccd1a26077c6f9245743958af7a03e03f293423c2889bb9c0b12f5228f8e26ebc08ccd4a",
            "output_size": 693,
            "source": [],
            "source_content": null,
            "source_content_filename": null,
            "source_dir": null,
            "source_file": "../../modules/lambda/functions/dynamodb.py",
            "type": "zip"
          },
          "sensitive_attributes": [],
          "identity_schema_version": 0
        }
      ]
    },
    {
      "module": "module.lambda",
      "mode": "managed",
      "type": "aws_lambda_function",
      "name": "lambda_dynamodb",
      "provider": "provider[\"registry.terraform.io/hashicorp/aws\"]",
      "instances": [
        {
          "schema_version": 0,
          "attributes": {
            "architectures": [
              "x86_64"
            ],
            "arn": "arn:aws:lambda:us-east-1:000000000000:function:lambda-function-dynamodb",
            "capacity_provider_config": [],
            "code_sha256": "k4IyyIzK9hZcAX1BeRcT5h4bWHrk9Po/2/SwG9VS0Os=",
            "code_signing_config_arn": "",
            "dead_letter_config": [],
            "description": "",
            "durable_config": [],
            "environment": [],
            "ephemeral_storage": [
              {
                "size": 512
              }
            ],
            "file_system_config": [],
            "filename": "../../modules/lambda/functions/function.zip",
            "function_name": "lambda-function-dynamodb",
            "handler": "modules/lambda/functions/dynamodb.lambda_handler",
            "id": "lambda-function-dynamodb",
            "image_config": [],
            "image_uri": "",
            "invoke_arn": "arn:aws:apigateway:us-east-1:lambda:path/2015-03-31/functions/arn:aws:lambda:us-east-1:000000000000:function:lambda-function-dynamodb/invocations",
            "kms_key_arn": "",
            "last_modified": "2026-06-01T21:33:41.706689+0000",
            "layers": null,
            "logging_config": [
              {
                "application_log_level": "",
                "log_format": "Text",
                "log_group": "/aws/lambda/lambda-function-dynamodb",
                "system_log_level": ""
              }
            ],
            "memory_size": 128,
            "package_type": "Zip",
            "publish": false,
            "publish_to": null,
            "qualified_arn": "arn:aws:lambda:us-east-1:000000000000:function:lambda-function-dynamodb:$LATEST",
            "qualified_invoke_arn": "arn:aws:apigateway:us-east-1:lambda:path/2015-03-31/functions/arn:aws:lambda:us-east-1:000000000000:function:lambda-function-dynamodb:$LATEST/invocations",
            "region": "us-east-1",
            "replace_security_groups_on_destroy": null,
            "replacement_security_group_ids": null,
            "reserved_concurrent_executions": -1,
            "response_streaming_invoke_arn": "arn:aws:apigateway:us-east-1:lambda:path/2021-11-15/functions/arn:aws:lambda:us-east-1:000000000000:function:lambda-function-dynamodb/response-streaming-invocations",
            "role": "arn:aws:iam::000000000000:role/lambda-function-dynanodb-role",
            "runtime": "python3.14",
            "s3_bucket": null,
            "s3_key": null,
            "s3_object_version": null,
            "signing_job_arn": "",
            "signing_profile_version_arn": "",
            "skip_destroy": false,
            "snap_start": [],
            "source_code_hash": "",
            "source_code_size": 693,
            "source_kms_key_arn": "",
            "tags": null,
            "tags_all": {
              "Environment": "dev"
            },
            "tenancy_config": [],
            "timeout": 3,
            "timeouts": null,
            "tracing_config": [
              {
                "mode": "PassThrough"
              }
            ],
            "version": "$LATEST",
            "vpc_config": []
          },
          "sensitive_attributes": [],
          "identity_schema_version": 0,
          "identity": {
            "account_id": "000000000000",
            "function_name": "lambda-function-dynamodb",
            "region": "us-east-1"
          },
          "private": "eyJlMmJmYjczMC1lY2FhLTExZTYtOGY4OC0zNDM2M2JjN2M0YzAiOnsiY3JlYXRlIjo2MDAwMDAwMDAwMDAsImRlbGV0ZSI6NjAwMDAwMDAwMDAwLCJ1cGRhdGUiOjYwMDAwMDAwMDAwMH19",
          "dependencies": [
            "module.iam.aws_iam_role.lambda_execution_role",
            "module.lambda.data.archive_file.lambda_dynamodb"
          ]
        }
      ]
    },
    {
      "module": "module.lambda",
      "mode": "managed",
      "type": "aws_lambda_permission",
      "name": "allow_apigateway",
      "provider": "provider[\"registry.terraform.io/hashicorp/aws\"]",
      "instances": [
        {
          "schema_version": 0,
          "attributes": {
            "action": "lambda:InvokeFunction",
            "event_source_token": null,
            "function_name": "lambda-function-dynamodb",
            "function_url_auth_type": null,
            "id": "AllowAPIGatewayInvoke",
            "invoked_via_function_url": null,
            "principal": "apigateway.amazonaws.com",
            "principal_org_id": null,
            "qualifier": "",
            "region": "us-east-1",
            "source_account": null,
            "source_arn": "arn:aws:apigateway:us-east-1::/restapis/8vte60ohto",
            "statement_id": "AllowAPIGatewayInvoke",
            "statement_id_prefix": ""
          },
          "sensitive_attributes": [],
          "identity_schema_version": 0,
          "identity": {
            "account_id": "000000000000",
            "function_name": "lambda-function-dynamodb",
            "qualifier": null,
            "region": "us-east-1",
            "statement_id": "AllowAPIGatewayInvoke"
          },
          "private": "bnVsbA==",
          "dependencies": [
            "module.api-gateway.aws_api_gateway_rest_api.my_aws_api_gateway_rest_api",
            "module.iam.aws_iam_role.lambda_execution_role",
            "module.lambda.aws_lambda_function.lambda_dynamodb",
            "module.lambda.data.archive_file.lambda_dynamodb"
          ]
        }
      ]
    },
    {
      "module": "module.sqs",
      "mode": "managed",
      "type": "aws_sqs_queue",
      "name": "lambda_fuction_dynamodb_deadletter_queue",
      "provider": "provider[\"registry.terraform.io/hashicorp/aws\"]",
      "instances": [
        {
          "schema_version": 0,
          "attributes": {
            "arn": "arn:aws:sqs:us-east-1:000000000000:username-deadletterqueue",
            "content_based_deduplication": false,
            "deduplication_scope": "",
            "delay_seconds": 90,
            "fifo_queue": false,
            "fifo_throughput_limit": "",
            "id": "http://sqs.us-east-1.localhost.localstack.cloud:4566/000000000000/username-deadletterqueue",
            "kms_data_key_reuse_period_seconds": 300,
            "kms_master_key_id": "",
            "max_message_size": 2048,
            "message_retention_seconds": 86400,
            "name": "username-deadletterqueue",
            "name_prefix": "",
            "policy": "",
            "receive_wait_time_seconds": 10,
            "redrive_allow_policy": "",
            "redrive_policy": "",
            "region": "us-east-1",
            "sqs_managed_sse_enabled": true,
            "tags": null,
            "tags_all": {
              "Environment": "dev"
            },
            "timeouts": null,
            "url": "http://sqs.us-east-1.localhost.localstack.cloud:4566/000000000000/username-deadletterqueue",
            "visibility_timeout_seconds": 30
          },
          "sensitive_attributes": [],
          "identity_schema_version": 1,
          "identity": {
            "url": "http://sqs.us-east-1.localhost.localstack.cloud:4566/000000000000/username-deadletterqueue"
          },
          "private": "eyJlMmJmYjczMC1lY2FhLTExZTYtOGY4OC0zNDM2M2JjN2M0YzAiOnsiY3JlYXRlIjoxODAwMDAwMDAwMDAsImRlbGV0ZSI6MTgwMDAwMDAwMDAwLCJ1cGRhdGUiOjE4MDAwMDAwMDAwMH19"
        }
      ]
    },
    {
      "module": "module.sqs",
      "mode": "managed",
      "type": "aws_sqs_queue",
      "name": "lambda_fuction_dynamodb_queue",
      "provider": "provider[\"registry.terraform.io/hashicorp/aws\"]",
      "instances": [
        {
          "schema_version": 0,
          "attributes": {
            "arn": "arn:aws:sqs:us-east-1:000000000000:username-sqs-queue",
            "content_based_deduplication": false,
            "deduplication_scope": "",
            "delay_seconds": 90,
            "fifo_queue": false,
            "fifo_throughput_limit": "",
            "id": "http://sqs.us-east-1.localhost.localstack.cloud:4566/000000000000/username-sqs-queue",
            "kms_data_key_reuse_period_seconds": 300,
            "kms_master_key_id": "",
            "max_message_size": 2048,
            "message_retention_seconds": 86400,
            "name": "username-sqs-queue",
            "name_prefix": "",
            "policy": "",
            "receive_wait_time_seconds": 10,
            "redrive_allow_policy": "",
            "redrive_policy": "{\"deadLetterTargetArn\":\"arn:aws:sqs:us-east-1:000000000000:username-deadletterqueue\",\"maxReceiveCount\":4}",
            "region": "us-east-1",
            "sqs_managed_sse_enabled": true,
            "tags": null,
            "tags_all": {
              "Environment": "dev"
            },
            "timeouts": null,
            "url": "http://sqs.us-east-1.localhost.localstack.cloud:4566/000000000000/username-sqs-queue",
            "visibility_timeout_seconds": 30
          },
          "sensitive_attributes": [],
          "identity_schema_version": 1,
          "identity": {
            "url": "http://sqs.us-east-1.localhost.localstack.cloud:4566/000000000000/username-sqs-queue"
          },
          "private": "eyJlMmJmYjczMC1lY2FhLTExZTYtOGY4OC0zNDM2M2JjN2M0YzAiOnsiY3JlYXRlIjoxODAwMDAwMDAwMDAsImRlbGV0ZSI6MTgwMDAwMDAwMDAwLCJ1cGRhdGUiOjE4MDAwMDAwMDAwMH19",
          "dependencies": [
            "module.sqs.aws_sqs_queue.lambda_fuction_dynamodb_deadletter_queue"
          ]
        }
      ]
    }
  ],
  "check_results": null
}
